
Microsoft Visual Studio Solution File, Format Version 12.00
# Visual Studio 15
VisualStudioVersion = 15.0.27703.2035
MinimumVisualStudioVersion = 10.0.40219.1
Project("{9A19103F-16F7-4668-BE54-9A1E7A4F7556}") = "Web", "src\web\Web.csproj", "{CFFEA803-722A-40B1-916F-D41DCBB200CC}"
EndProject
Project("{9A19103F-16F7-4668-BE54-9A1E7A4F7556}") = "Application", "src\application\application\Application.csproj", "{5D1327CE-FCE7-42A0-8662-F52474A1CBE6}"
EndProject
Project("{FAE04EC0-301F-11D3-BF4B-00C04F79EFBC}") = "Infrastructure", "src\infrastructure\Infrastructure.csproj", "{19D20F8E-9039-4C02-ADD2-6EFC5BAD1369}"
EndProject
Global
	GlobalSection(SolutionConfigurationPlatforms) = preSolution
		Debug|Any CPU = Debug|Any CPU
		Release|Any CPU = Release|Any CPU
	EndGlobalSection
	GlobalSection(ProjectConfigurationPlatforms) = postSolution
		{CFFEA803-722A-40B1-916F-D41DCBB200CC}.Debug|Any CPU.ActiveCfg = Debug|Any CPU
		{CFFEA803-722A-40B1-916F-D41DCBB200CC}.Debug|Any CPU.Build.0 = Debug|Any CPU
		{CFFEA803-722A-40B1-916F-D41DCBB200CC}.Release|Any CPU.ActiveCfg = Release|Any CPU
		{CFFEA803-722A-40B1-916F-D41DCBB200CC}.Release|Any CPU.Build.0 = Release|Any CPU
		{5D1327CE-FCE7-42A0-8662-F52474A1CBE6}.Debug|Any CPU.ActiveCfg = Debug|Any CPU
		{5D1327CE-FCE7-42A0-8662-F52474A1CBE6}.Debug|Any CPU.Build.0 = Debug|Any CPU
		{5D1327CE-FCE7-42A0-8662-F52474A1CBE6}.Release|Any CPU.ActiveCfg = Release|Any CPU
		{5D1327CE-FCE7-42A0-8662-F52474A1CBE6}.Release|Any CPU.Build.0 = Release|Any CPU
		{19D20F8E-9039-4C02-ADD2-6EFC5BAD1369}.Debug|Any CPU.ActiveCfg = Debug|Any CPU
		{19D20F8E-9039-4C02-ADD2-6EFC5BAD1369}.Debug|Any CPU.Build.0 = Debug|Any CPU
		{19D20F8E-9039-4C02-ADD2-6EFC5BAD1369}.Release|Any CPU.ActiveCfg = Release|Any CPU
		{19D20F8E-9039-4C02-ADD2-6EFC5BAD1369}.Release|Any CPU.Build.0 = Release|Any CPU
	EndGlobalSection
	GlobalSection(SolutionProperties) = preSolution
		HideSolutionNode = FALSE
	EndGlobalSection
	GlobalSection(ExtensibilityGlobals) = postSolution
		SolutionGuid = {DE887D32-1428-4E82-B85C-4455230C9063}
	EndGlobalSection
EndGlobal
